
Microsoft Visual Studio Solution File, Format Version 11.00
# Visual Studio 2010
Project("{FAE04EC0-301F-11D3-BF4B-00C04F79EFBC}") = "Flight Simulator 1893", "Assembly-CSharp.csproj", "{1A151B9D-423E-D48B-F0BE-FAC7B2435F9F}"
EndProject
Global
	GlobalSection(SolutionConfigurationPlatforms) = preSolution
		Debug|Any CPU = Debug|Any CPU
		Release|Any CPU = Release|Any CPU
	EndGlobalSection
	GlobalSection(ProjectConfigurationPlatforms) = postSolution
		{1A151B9D-423E-D48B-F0BE-FAC7B2435F9F}.Debug|Any CPU.ActiveCfg = Debug|Any CPU
		{1A151B9D-423E-D48B-F0BE-FAC7B2435F9F}.Debug|Any CPU.Build.0 = Debug|Any CPU
		{1A151B9D-423E-D48B-F0BE-FAC7B2435F9F}.Release|Any CPU.ActiveCfg = Release|Any CPU
		{1A151B9D-423E-D48B-F0BE-FAC7B2435F9F}.Release|Any CPU.Build.0 = Release|Any CPU
	EndGlobalSection
	GlobalSection(SolutionProperties) = preSolution
		HideSolutionNode = FALSE
	EndGlobalSection
	GlobalSection(MonoDevelopProperties) = preSolution
		StartupItem = Assembly-CSharp.csproj
	EndGlobalSection
EndGlobal
